
Microsoft Visual Studio Solution File, Format Version 12.00
# Visual Studio 14
VisualStudioVersion = 14.0.25420.1
MinimumVisualStudioVersion = 10.0.40219.1
Project("{FAE04EC0-301F-11D3-BF4B-00C04F79EFBC}") = "01. Remove Negatives and Reverse", "Lists- Lab\01. Remove Negatives and Reverse.csproj", "{8233BBA8-7A7F-407A-B4C3-AA294F9DD969}"
EndProject
Project("{FAE04EC0-301F-11D3-BF4B-00C04F79EFBC}") = "02. Append Lists", "02. Append Lists\02. Append Lists.csproj", "{6BA271CD-D811-45FB-B308-28EC5337C89E}"
EndProject
Project("{FAE04EC0-301F-11D3-BF4B-00C04F79EFBC}") = "03. Sum Adjacent Equal Numbers", "03. Sum Adjacent Equal Numbers\03. Sum Adjacent Equal Numbers.csproj", "{004E82EF-276C-48AC-A138-2B764EE9174F}"
EndProject
Project("{FAE04EC0-301F-11D3-BF4B-00C04F79EFBC}") = "04. Split by Word Casing", "04. Split by Word Casing\04. Split by Word Casing.csproj", "{196B24D8-B25F-4506-9397-35CDAFF6D085}"
EndProject
Project("{FAE04EC0-301F-11D3-BF4B-00C04F79EFBC}") = "05. Sort Numbers", "05. Sort Numbers\05. Sort Numbers.csproj", "{20E54AFF-8E20-42B7-B4D3-F4AD53F87FBE}"
EndProject
Project("{FAE04EC0-301F-11D3-BF4B-00C04F79EFBC}") = "06. Square Numbers", "06. Square Numbers\06. Square Numbers.csproj", "{36EF6356-9338-4BFB-ABAF-8A31595E68F0}"
EndProject
Project("{FAE04EC0-301F-11D3-BF4B-00C04F79EFBC}") = "07. Count Numbers", "07. Count Numbers\07. Count Numbers.csproj", "{C26F0CCB-B65E-4095-B33C-57A04870827C}"
EndProject
Global
	GlobalSection(SolutionConfigurationPlatforms) = preSolution
		Debug|Any CPU = Debug|Any CPU
		Release|Any CPU = Release|Any CPU
	EndGlobalSection
	GlobalSection(ProjectConfigurationPlatforms) = postSolution
		{8233BBA8-7A7F-407A-B4C3-AA294F9DD969}.Debug|Any CPU.ActiveCfg = Debug|Any CPU
		{8233BBA8-7A7F-407A-B4C3-AA294F9DD969}.Debug|Any CPU.Build.0 = Debug|Any CPU
		{8233BBA8-7A7F-407A-B4C3-AA294F9DD969}.Release|Any CPU.ActiveCfg = Release|Any CPU
		{8233BBA8-7A7F-407A-B4C3-AA294F9DD969}.Release|Any CPU.Build.0 = Release|Any CPU
		{6BA271CD-D811-45FB-B308-28EC5337C89E}.Debug|Any CPU.ActiveCfg = Debug|Any CPU
		{6BA271CD-D811-45FB-B308-28EC5337C89E}.Debug|Any CPU.Build.0 = Debug|Any CPU
		{6BA271CD-D811-45FB-B308-28EC5337C89E}.Release|Any CPU.ActiveCfg = Release|Any CPU
		{6BA271CD-D811-45FB-B308-28EC5337C89E}.Release|Any CPU.Build.0 = Release|Any CPU
		{004E82EF-276C-48AC-A138-2B764EE9174F}.Debug|Any CPU.ActiveCfg = Debug|Any CPU
		{004E82EF-276C-48AC-A138-2B764EE9174F}.Debug|Any CPU.Build.0 = Debug|Any CPU
		{004E82EF-276C-48AC-A138-2B764EE9174F}.Release|Any CPU.ActiveCfg = Release|Any CPU
		{004E82EF-276C-48AC-A138-2B764EE9174F}.Release|Any CPU.Build.0 = Release|Any CPU
		{196B24D8-B25F-4506-9397-35CDAFF6D085}.Debug|Any CPU.ActiveCfg = Debug|Any CPU
		{196B24D8-B25F-4506-9397-35CDAFF6D085}.Debug|Any CPU.Build.0 = Debug|Any CPU
		{196B24D8-B25F-4506-9397-35CDAFF6D085}.Release|Any CPU.ActiveCfg = Release|Any CPU
		{196B24D8-B25F-4506-9397-35CDAFF6D085}.Release|Any CPU.Build.0 = Release|Any CPU
		{20E54AFF-8E20-42B7-B4D3-F4AD53F87FBE}.Debug|Any CPU.ActiveCfg = Debug|Any CPU
		{20E54AFF-8E20-42B7-B4D3-F4AD53F87FBE}.Debug|Any CPU.Build.0 = Debug|Any CPU
		{20E54AFF-8E20-42B7-B4D3-F4AD53F87FBE}.Release|Any CPU.ActiveCfg = Release|Any CPU
		{20E54AFF-8E20-42B7-B4D3-F4AD53F87FBE}.Release|Any CPU.Build.0 = Release|Any CPU
		{36EF6356-9338-4BFB-ABAF-8A31595E68F0}.Debug|Any CPU.ActiveCfg = Debug|Any CPU
		{36EF6356-9338-4BFB-ABAF-8A31595E68F0}.Debug|Any CPU.Build.0 = Debug|Any CPU
		{36EF6356-9338-4BFB-ABAF-8A31595E68F0}.Release|Any CPU.ActiveCfg = Release|Any CPU
		{36EF6356-9338-4BFB-ABAF-8A31595E68F0}.Release|Any CPU.Build.0 = Release|Any CPU
		{C26F0CCB-B65E-4095-B33C-57A04870827C}.Debug|Any CPU.ActiveCfg = Debug|Any CPU
		{C26F0CCB-B65E-4095-B33C-57A04870827C}.Debug|Any CPU.Build.0 = Debug|Any CPU
		{C26F0CCB-B65E-4095-B33C-57A04870827C}.Release|Any CPU.ActiveCfg = Release|Any CPU
		{C26F0CCB-B65E-4095-B33C-57A04870827C}.Release|Any CPU.Build.0 = Release|Any CPU
	EndGlobalSection
	GlobalSection(SolutionProperties) = preSolution
		HideSolutionNode = FALSE
	EndGlobalSection
EndGlobal
