
Microsoft Visual Studio Solution File, Format Version 12.00
# Visual Studio 14
VisualStudioVersion = 14.0.25420.1
MinimumVisualStudioVersion = 10.0.40219.1
Project("{FAE04EC0-301F-11D3-BF4B-00C04F79EFBC}") = "01. Centuries to minutes", "Data types and variables\01. Centuries to minutes.csproj", "{A06B546B-9F61-4153-BED5-7125F183831B}"
EndProject
Project("{FAE04EC0-301F-11D3-BF4B-00C04F79EFBC}") = "02. Circle Area (Precision 12)", "02. Circle Area (Precision 12)\02. Circle Area (Precision 12).csproj", "{DA3761D8-107F-4E05-86FE-A5751C8E03EB}"
EndProject
Project("{FAE04EC0-301F-11D3-BF4B-00C04F79EFBC}") = "03. Exact sum of real numbers", "03. Exact sum of real numbers\03. Exact sum of real numbers.csproj", "{4CB63425-05BF-416D-B5ED-FCB19EB003DD}"
EndProject
Project("{FAE04EC0-301F-11D3-BF4B-00C04F79EFBC}") = "04. Elevator", "04. Elevator\04. Elevator.csproj", "{1CA2E842-C622-42C9-B118-317A916529BD}"
EndProject
Project("{FAE04EC0-301F-11D3-BF4B-00C04F79EFBC}") = "05. Special numbers", "05. Special numbers\05. Special numbers.csproj", "{D76264D5-C24A-4542-9514-D904EEBE7A12}"
EndProject
Project("{FAE04EC0-301F-11D3-BF4B-00C04F79EFBC}") = "06. Tripples of letters", "06. Tripples of letters\06. Tripples of letters.csproj", "{8F06AA7B-86EF-46AF-8DAA-D7EE1F65C874}"
EndProject
Project("{FAE04EC0-301F-11D3-BF4B-00C04F79EFBC}") = "07. Greeting", "07. Greeting\07. Greeting.csproj", "{BAFC9289-5B4B-4726-99C0-67D7A203EEAE}"
EndProject
Project("{FAE04EC0-301F-11D3-BF4B-00C04F79EFBC}") = "08. Refractor volume of pyramid", "08. Refractor volume of pyramid\08. Refractor volume of pyramid.csproj", "{AFF3E767-0173-47AF-B369-3F57F1584CBC}"
EndProject
Project("{FAE04EC0-301F-11D3-BF4B-00C04F79EFBC}") = "09. Refractor special numbers", "09. Refractor special numbers\09. Refractor special numbers.csproj", "{90CDDDA3-8D7B-4646-9CC1-88FD159BAF0C}"
EndProject
Global
	GlobalSection(SolutionConfigurationPlatforms) = preSolution
		Debug|Any CPU = Debug|Any CPU
		Release|Any CPU = Release|Any CPU
	EndGlobalSection
	GlobalSection(ProjectConfigurationPlatforms) = postSolution
		{A06B546B-9F61-4153-BED5-7125F183831B}.Debug|Any CPU.ActiveCfg = Debug|Any CPU
		{A06B546B-9F61-4153-BED5-7125F183831B}.Debug|Any CPU.Build.0 = Debug|Any CPU
		{A06B546B-9F61-4153-BED5-7125F183831B}.Release|Any CPU.ActiveCfg = Release|Any CPU
		{A06B546B-9F61-4153-BED5-7125F183831B}.Release|Any CPU.Build.0 = Release|Any CPU
		{DA3761D8-107F-4E05-86FE-A5751C8E03EB}.Debug|Any CPU.ActiveCfg = Debug|Any CPU
		{DA3761D8-107F-4E05-86FE-A5751C8E03EB}.Debug|Any CPU.Build.0 = Debug|Any CPU
		{DA3761D8-107F-4E05-86FE-A5751C8E03EB}.Release|Any CPU.ActiveCfg = Release|Any CPU
		{DA3761D8-107F-4E05-86FE-A5751C8E03EB}.Release|Any CPU.Build.0 = Release|Any CPU
		{4CB63425-05BF-416D-B5ED-FCB19EB003DD}.Debug|Any CPU.ActiveCfg = Debug|Any CPU
		{4CB63425-05BF-416D-B5ED-FCB19EB003DD}.Debug|Any CPU.Build.0 = Debug|Any CPU
		{4CB63425-05BF-416D-B5ED-FCB19EB003DD}.Release|Any CPU.ActiveCfg = Release|Any CPU
		{4CB63425-05BF-416D-B5ED-FCB19EB003DD}.Release|Any CPU.Build.0 = Release|Any CPU
		{1CA2E842-C622-42C9-B118-317A916529BD}.Debug|Any CPU.ActiveCfg = Debug|Any CPU
		{1CA2E842-C622-42C9-B118-317A916529BD}.Debug|Any CPU.Build.0 = Debug|Any CPU
		{1CA2E842-C622-42C9-B118-317A916529BD}.Release|Any CPU.ActiveCfg = Release|Any CPU
		{1CA2E842-C622-42C9-B118-317A916529BD}.Release|Any CPU.Build.0 = Release|Any CPU
		{D76264D5-C24A-4542-9514-D904EEBE7A12}.Debug|Any CPU.ActiveCfg = Debug|Any CPU
		{D76264D5-C24A-4542-9514-D904EEBE7A12}.Debug|Any CPU.Build.0 = Debug|Any CPU
		{D76264D5-C24A-4542-9514-D904EEBE7A12}.Release|Any CPU.ActiveCfg = Release|Any CPU
		{D76264D5-C24A-4542-9514-D904EEBE7A12}.Release|Any CPU.Build.0 = Release|Any CPU
		{8F06AA7B-86EF-46AF-8DAA-D7EE1F65C874}.Debug|Any CPU.ActiveCfg = Debug|Any CPU
		{8F06AA7B-86EF-46AF-8DAA-D7EE1F65C874}.Debug|Any CPU.Build.0 = Debug|Any CPU
		{8F06AA7B-86EF-46AF-8DAA-D7EE1F65C874}.Release|Any CPU.ActiveCfg = Release|Any CPU
		{8F06AA7B-86EF-46AF-8DAA-D7EE1F65C874}.Release|Any CPU.Build.0 = Release|Any CPU
		{BAFC9289-5B4B-4726-99C0-67D7A203EEAE}.Debug|Any CPU.ActiveCfg = Debug|Any CPU
		{BAFC9289-5B4B-4726-99C0-67D7A203EEAE}.Debug|Any CPU.Build.0 = Debug|Any CPU
		{BAFC9289-5B4B-4726-99C0-67D7A203EEAE}.Release|Any CPU.ActiveCfg = Release|Any CPU
		{BAFC9289-5B4B-4726-99C0-67D7A203EEAE}.Release|Any CPU.Build.0 = Release|Any CPU
		{AFF3E767-0173-47AF-B369-3F57F1584CBC}.Debug|Any CPU.ActiveCfg = Debug|Any CPU
		{AFF3E767-0173-47AF-B369-3F57F1584CBC}.Debug|Any CPU.Build.0 = Debug|Any CPU
		{AFF3E767-0173-47AF-B369-3F57F1584CBC}.Release|Any CPU.ActiveCfg = Release|Any CPU
		{AFF3E767-0173-47AF-B369-3F57F1584CBC}.Release|Any CPU.Build.0 = Release|Any CPU
		{90CDDDA3-8D7B-4646-9CC1-88FD159BAF0C}.Debug|Any CPU.ActiveCfg = Debug|Any CPU
		{90CDDDA3-8D7B-4646-9CC1-88FD159BAF0C}.Debug|Any CPU.Build.0 = Debug|Any CPU
		{90CDDDA3-8D7B-4646-9CC1-88FD159BAF0C}.Release|Any CPU.ActiveCfg = Release|Any CPU
		{90CDDDA3-8D7B-4646-9CC1-88FD159BAF0C}.Release|Any CPU.Build.0 = Release|Any CPU
	EndGlobalSection
	GlobalSection(SolutionProperties) = preSolution
		HideSolutionNode = FALSE
	EndGlobalSection
EndGlobal
